// !$*UTF8*$!
{
	archiveVersion = 1;
	classes = {
	};
	objectVersion = 56;
	objects = {

/* Begin PBXBuildFile section */
		FE4EEF012A1649E60096CBF5 /* Button+.swift in Sources */ = {isa = PBXBuildFile; fileRef = FE4EEF002A1649E60096CBF5 /* Button+.swift */; };
		FE986E022A1261C1002ADF64 /* MyTextClassifierApp.swift in Sources */ = {isa = PBXBuildFile; fileRef = FE986E012A1261C1002ADF64 /* MyTextClassifierApp.swift */; };
		FE986E042A1261C1002ADF64 /* ContentView.swift in Sources */ = {isa = PBXBuildFile; fileRef = FE986E032A1261C1002ADF64 /* ContentView.swift */; };
		FE986E062A1261C2002ADF64 /* Assets.xcassets in Resources */ = {isa = PBXBuildFile; fileRef = FE986E052A1261C2002ADF64 /* Assets.xcassets */; };
		FE986E092A1261C2002ADF64 /* Preview Assets.xcassets in Resources */ = {isa = PBXBuildFile; fileRef = FE986E082A1261C2002ADF64 /* Preview Assets.xcassets */; };
		FE986E182A126284002ADF64 /* TextClassifier.swift in Sources */ = {isa = PBXBuildFile; fileRef = FE986E172A126284002ADF64 /* TextClassifier.swift */; };
		FE986E1A2A1262AF002ADF64 /* SizeModel.swift in Sources */ = {isa = PBXBuildFile; fileRef = FE986E192A1262AF002ADF64 /* SizeModel.swift */; };
		FE986E1C2A1262D3002ADF64 /* ClassifierModel.swift in Sources */ = {isa = PBXBuildFile; fileRef = FE986E1B2A1262D3002ADF64 /* ClassifierModel.swift */; };
		FE986E222A126341002ADF64 /* IndicatorsView.swift in Sources */ = {isa = PBXBuildFile; fileRef = FE986E212A126341002ADF64 /* IndicatorsView.swift */; };
		FE986E252A1263F2002ADF64 /* SwiftyJSON in Frameworks */ = {isa = PBXBuildFile; productRef = FE986E242A1263F2002ADF64 /* SwiftyJSON */; };
		FE986E272A126B33002ADF64 /* SaveMLModelPopover.swift in Sources */ = {isa = PBXBuildFile; fileRef = FE986E262A126B33002ADF64 /* SaveMLModelPopover.swift */; };
		FE986E292A1272D6002ADF64 /* CreateJsonView.swift in Sources */ = {isa = PBXBuildFile; fileRef = FE986E282A1272D6002ADF64 /* CreateJsonView.swift */; };
		FE986E2B2A127312002ADF64 /* LogModel.swift in Sources */ = {isa = PBXBuildFile; fileRef = FE986E2A2A127312002ADF64 /* LogModel.swift */; };
		FE986E2D2A13BAF4002ADF64 /* ContentModel.swift in Sources */ = {isa = PBXBuildFile; fileRef = FE986E2C2A13BAF4002ADF64 /* ContentModel.swift */; };
		FE986E352A14F01F002ADF64 /* JsonModel.swift in Sources */ = {isa = PBXBuildFile; fileRef = FE986E342A14F01F002ADF64 /* JsonModel.swift */; };
		FE986E372A14F0A6002ADF64 /* JsonController.swift in Sources */ = {isa = PBXBuildFile; fileRef = FE986E362A14F0A6002ADF64 /* JsonController.swift */; };
		FE986E392A14FE54002ADF64 /* ContentController.swift in Sources */ = {isa = PBXBuildFile; fileRef = FE986E382A14FE54002ADF64 /* ContentController.swift */; };
		FE986E3F2A1508CA002ADF64 /* SaveMLModelPopoverModel.swift in Sources */ = {isa = PBXBuildFile; fileRef = FE986E3E2A1508CA002ADF64 /* SaveMLModelPopoverModel.swift */; };
		FE986E432A15093E002ADF64 /* SaveMLModelPopoverController.swift in Sources */ = {isa = PBXBuildFile; fileRef = FE986E422A15093E002ADF64 /* SaveMLModelPopoverController.swift */; };
/* End PBXBuildFile section */

/* Begin PBXFileReference section */
		FE4EEF002A1649E60096CBF5 /* Button+.swift */ = {isa = PBXFileReference; lastKnownFileType = sourcecode.swift; path = "Button+.swift"; sourceTree = "<group>"; };
		FE986DFE2A1261C1002ADF64 /* MyTextClassifier.app */ = {isa = PBXFileReference; explicitFileType = wrapper.application; includeInIndex = 0; path = MyTextClassifier.app; sourceTree = BUILT_PRODUCTS_DIR; };
		FE986E012A1261C1002ADF64 /* MyTextClassifierApp.swift */ = {isa = PBXFileReference; lastKnownFileType = sourcecode.swift; path = MyTextClassifierApp.swift; sourceTree = "<group>"; };
		FE986E032A1261C1002ADF64 /* ContentView.swift */ = {isa = PBXFileReference; lastKnownFileType = sourcecode.swift; path = ContentView.swift; sourceTree = "<group>"; };
		FE986E052A1261C2002ADF64 /* Assets.xcassets */ = {isa = PBXFileReference; lastKnownFileType = folder.assetcatalog; path = Assets.xcassets; sourceTree = "<group>"; };
		FE986E082A1261C2002ADF64 /* Preview Assets.xcassets */ = {isa = PBXFileReference; lastKnownFileType = folder.assetcatalog; path = "Preview Assets.xcassets"; sourceTree = "<group>"; };
		FE986E0A2A1261C2002ADF64 /* MyTextClassifier.entitlements */ = {isa = PBXFileReference; lastKnownFileType = text.plist.entitlements; path = MyTextClassifier.entitlements; sourceTree = "<group>"; };
		FE986E172A126284002ADF64 /* TextClassifier.swift */ = {isa = PBXFileReference; lastKnownFileType = sourcecode.swift; path = TextClassifier.swift; sourceTree = "<group>"; };
		FE986E192A1262AF002ADF64 /* SizeModel.swift */ = {isa = PBXFileReference; lastKnownFileType = sourcecode.swift; path = SizeModel.swift; sourceTree = "<group>"; };
		FE986E1B2A1262D3002ADF64 /* ClassifierModel.swift */ = {isa = PBXFileReference; lastKnownFileType = sourcecode.swift; path = ClassifierModel.swift; sourceTree = "<group>"; };
		FE986E212A126341002ADF64 /* IndicatorsView.swift */ = {isa = PBXFileReference; lastKnownFileType = sourcecode.swift; path = IndicatorsView.swift; sourceTree = "<group>"; };
		FE986E262A126B33002ADF64 /* SaveMLModelPopover.swift */ = {isa = PBXFileReference; lastKnownFileType = sourcecode.swift; path = SaveMLModelPopover.swift; sourceTree = "<group>"; };
		FE986E282A1272D6002ADF64 /* CreateJsonView.swift */ = {isa = PBXFileReference; lastKnownFileType = sourcecode.swift; path = CreateJsonView.swift; sourceTree = "<group>"; };
		FE986E2A2A127312002ADF64 /* LogModel.swift */ = {isa = PBXFileReference; lastKnownFileType = sourcecode.swift; path = LogModel.swift; sourceTree = "<group>"; };
		FE986E2C2A13BAF4002ADF64 /* ContentModel.swift */ = {isa = PBXFileReference; lastKnownFileType = sourcecode.swift; path = ContentModel.swift; sourceTree = "<group>"; };
		FE986E342A14F01F002ADF64 /* JsonModel.swift */ = {isa = PBXFileReference; lastKnownFileType = sourcecode.swift; path = JsonModel.swift; sourceTree = "<group>"; };
		FE986E362A14F0A6002ADF64 /* JsonController.swift */ = {isa = PBXFileReference; lastKnownFileType = sourcecode.swift; path = JsonController.swift; sourceTree = "<group>"; };
		FE986E382A14FE54002ADF64 /* ContentController.swift */ = {isa = PBXFileReference; lastKnownFileType = sourcecode.swift; path = ContentController.swift; sourceTree = "<group>"; };
		FE986E3E2A1508CA002ADF64 /* SaveMLModelPopoverModel.swift */ = {isa = PBXFileReference; lastKnownFileType = sourcecode.swift; path = SaveMLModelPopoverModel.swift; sourceTree = "<group>"; };
		FE986E422A15093E002ADF64 /* SaveMLModelPopoverController.swift */ = {isa = PBXFileReference; lastKnownFileType = sourcecode.swift; path = SaveMLModelPopoverController.swift; sourceTree = "<group>"; };
/* End PBXFileReference section */

/* Begin PBXFrameworksBuildPhase section */
		FE986DFB2A1261C1002ADF64 /* Frameworks */ = {
			isa = PBXFrameworksBuildPhase;
			buildActionMask = 2147483647;
			files = (
				FE986E252A1263F2002ADF64 /* SwiftyJSON in Frameworks */,
			);
			runOnlyForDeploymentPostprocessing = 0;
		};
/* End PBXFrameworksBuildPhase section */

/* Begin PBXGroup section */
		FE4EEEFF2A1649CD0096CBF5 /* Extensions */ = {
			isa = PBXGroup;
			children = (
				FE4EEF002A1649E60096CBF5 /* Button+.swift */,
			);
			path = Extensions;
			sourceTree = "<group>";
		};
		FE986DF52A1261C1002ADF64 = {
			isa = PBXGroup;
			children = (
				FE986E002A1261C1002ADF64 /* MyTextClassifier */,
				FE986DFF2A1261C1002ADF64 /* Products */,
			);
			sourceTree = "<group>";
		};
		FE986DFF2A1261C1002ADF64 /* Products */ = {
			isa = PBXGroup;
			children = (
				FE986DFE2A1261C1002ADF64 /* MyTextClassifier.app */,
			);
			name = Products;
			sourceTree = "<group>";
		};
		FE986E002A1261C1002ADF64 /* MyTextClassifier */ = {
			isa = PBXGroup;
			children = (
				FE986E0A2A1261C2002ADF64 /* MyTextClassifier.entitlements */,
				FE986E102A1261EA002ADF64 /* Application */,
				FE986E112A126205002ADF64 /* Resources */,
				FE986E122A126218002ADF64 /* Sources */,
				FE986E162A126255002ADF64 /* Utils */,
				FE986E072A1261C2002ADF64 /* Preview Content */,
			);
			path = MyTextClassifier;
			sourceTree = "<group>";
		};
		FE986E072A1261C2002ADF64 /* Preview Content */ = {
			isa = PBXGroup;
			children = (
				FE986E082A1261C2002ADF64 /* Preview Assets.xcassets */,
			);
			path = "Preview Content";
			sourceTree = "<group>";
		};
		FE986E102A1261EA002ADF64 /* Application */ = {
			isa = PBXGroup;
			children = (
				FE986E012A1261C1002ADF64 /* MyTextClassifierApp.swift */,
			);
			path = Application;
			sourceTree = "<group>";
		};
		FE986E112A126205002ADF64 /* Resources */ = {
			isa = PBXGroup;
			children = (
				FE986E052A1261C2002ADF64 /* Assets.xcassets */,
			);
			path = Resources;
			sourceTree = "<group>";
		};
		FE986E122A126218002ADF64 /* Sources */ = {
			isa = PBXGroup;
			children = (
				FE986E2F2A14EEFE002ADF64 /* CreateJson */,
				FE986E2E2A14EEBA002ADF64 /* Content */,
				FE986E3A2A1507BD002ADF64 /* SaveMLModelPopover */,
			);
			path = Sources;
			sourceTree = "<group>";
		};
		FE986E132A126230002ADF64 /* Model */ = {
			isa = PBXGroup;
			children = (
				FE986E2C2A13BAF4002ADF64 /* ContentModel.swift */,
			);
			path = Model;
			sourceTree = "<group>";
		};
		FE986E142A126236002ADF64 /* View */ = {
			isa = PBXGroup;
			children = (
				FE986E1D2A126301002ADF64 /* Components */,
				FE986E032A1261C1002ADF64 /* ContentView.swift */,
			);
			path = View;
			sourceTree = "<group>";
		};
		FE986E152A12623C002ADF64 /* Controller */ = {
			isa = PBXGroup;
			children = (
				FE986E382A14FE54002ADF64 /* ContentController.swift */,
			);
			path = Controller;
			sourceTree = "<group>";
		};
		FE986E162A126255002ADF64 /* Utils */ = {
			isa = PBXGroup;
			children = (
				FE4EEEFF2A1649CD0096CBF5 /* Extensions */,
				FE986E332A14EFBE002ADF64 /* General Models */,
				FE986E172A126284002ADF64 /* TextClassifier.swift */,
			);
			path = Utils;
			sourceTree = "<group>";
		};
		FE986E1D2A126301002ADF64 /* Components */ = {
			isa = PBXGroup;
			children = (
				FE986E212A126341002ADF64 /* IndicatorsView.swift */,
			);
			path = Components;
			sourceTree = "<group>";
		};
		FE986E2E2A14EEBA002ADF64 /* Content */ = {
			isa = PBXGroup;
			children = (
				FE986E132A126230002ADF64 /* Model */,
				FE986E142A126236002ADF64 /* View */,
				FE986E152A12623C002ADF64 /* Controller */,
			);
			path = Content;
			sourceTree = "<group>";
		};
		FE986E2F2A14EEFE002ADF64 /* CreateJson */ = {
			isa = PBXGroup;
			children = (
				FE986E302A14EF1D002ADF64 /* Model */,
				FE986E312A14EF24002ADF64 /* View */,
				FE986E322A14EF29002ADF64 /* Controller */,
			);
			path = CreateJson;
			sourceTree = "<group>";
		};
		FE986E302A14EF1D002ADF64 /* Model */ = {
			isa = PBXGroup;
			children = (
				FE986E342A14F01F002ADF64 /* JsonModel.swift */,
			);
			path = Model;
			sourceTree = "<group>";
		};
		FE986E312A14EF24002ADF64 /* View */ = {
			isa = PBXGroup;
			children = (
				FE986E282A1272D6002ADF64 /* CreateJsonView.swift */,
			);
			path = View;
			sourceTree = "<group>";
		};
		FE986E322A14EF29002ADF64 /* Controller */ = {
			isa = PBXGroup;
			children = (
				FE986E362A14F0A6002ADF64 /* JsonController.swift */,
			);
			path = Controller;
			sourceTree = "<group>";
		};
		FE986E332A14EFBE002ADF64 /* General Models */ = {
			isa = PBXGroup;
			children = (
				FE986E1B2A1262D3002ADF64 /* ClassifierModel.swift */,
				FE986E2A2A127312002ADF64 /* LogModel.swift */,
				FE986E192A1262AF002ADF64 /* SizeModel.swift */,
			);
			path = "General Models";
			sourceTree = "<group>";
		};
		FE986E3A2A1507BD002ADF64 /* SaveMLModelPopover */ = {
			isa = PBXGroup;
			children = (
				FE986E3D2A1507D8002ADF64 /* Model */,
				FE986E3C2A1507D2002ADF64 /* View */,
				FE986E3B2A1507CC002ADF64 /* Controller */,
			);
			path = SaveMLModelPopover;
			sourceTree = "<group>";
		};
		FE986E3B2A1507CC002ADF64 /* Controller */ = {
			isa = PBXGroup;
			children = (
				FE986E422A15093E002ADF64 /* SaveMLModelPopoverController.swift */,
			);
			path = Controller;
			sourceTree = "<group>";
		};
		FE986E3C2A1507D2002ADF64 /* View */ = {
			isa = PBXGroup;
			children = (
				FE986E262A126B33002ADF64 /* SaveMLModelPopover.swift */,
			);
			path = View;
			sourceTree = "<group>";
		};
		FE986E3D2A1507D8002ADF64 /* Model */ = {
			isa = PBXGroup;
			children = (
				FE986E3E2A1508CA002ADF64 /* SaveMLModelPopoverModel.swift */,
			);
			path = Model;
			sourceTree = "<group>";
		};
/* End PBXGroup section */

/* Begin PBXNativeTarget section */
		FE986DFD2A1261C1002ADF64 /* MyTextClassifier */ = {
			isa = PBXNativeTarget;
			buildConfigurationList = FE986E0D2A1261C2002ADF64 /* Build configuration list for PBXNativeTarget "MyTextClassifier" */;
			buildPhases = (
				FE986DFA2A1261C1002ADF64 /* Sources */,
				FE986DFB2A1261C1002ADF64 /* Frameworks */,
				FE986DFC2A1261C1002ADF64 /* Resources */,
			);
			buildRules = (
			);
			dependencies = (
			);
			name = MyTextClassifier;
			packageProductDependencies = (
				FE986E242A1263F2002ADF64 /* SwiftyJSON */,
			);
			productName = MyTextClassifier;
			productReference = FE986DFE2A1261C1002ADF64 /* MyTextClassifier.app */;
			productType = "com.apple.product-type.application";
		};
/* End PBXNativeTarget section */

/* Begin PBXProject section */
		FE986DF62A1261C1002ADF64 /* Project object */ = {
			isa = PBXProject;
			attributes = {
				BuildIndependentTargetsInParallel = 1;
				LastSwiftUpdateCheck = 1430;
				LastUpgradeCheck = 1430;
				TargetAttributes = {
					FE986DFD2A1261C1002ADF64 = {
						CreatedOnToolsVersion = 14.3;
					};
				};
			};
			buildConfigurationList = FE986DF92A1261C1002ADF64 /* Build configuration list for PBXProject "MyTextClassifier" */;
			compatibilityVersion = "Xcode 14.0";
			developmentRegion = en;
			hasScannedForEncodings = 0;
			knownRegions = (
				en,
				Base,
			);
			mainGroup = FE986DF52A1261C1002ADF64;
			packageReferences = (
				FE986E232A1263F2002ADF64 /* XCRemoteSwiftPackageReference "SwiftyJSON" */,
			);
			productRefGroup = FE986DFF2A1261C1002ADF64 /* Products */;
			projectDirPath = "";
			projectRoot = "";
			targets = (
				FE986DFD2A1261C1002ADF64 /* MyTextClassifier */,
			);
		};
/* End PBXProject section */

/* Begin PBXResourcesBuildPhase section */
		FE986DFC2A1261C1002ADF64 /* Resources */ = {
			isa = PBXResourcesBuildPhase;
			buildActionMask = 2147483647;
			files = (
				FE986E092A1261C2002ADF64 /* Preview Assets.xcassets in Resources */,
				FE986E062A1261C2002ADF64 /* Assets.xcassets in Resources */,
			);
			runOnlyForDeploymentPostprocessing = 0;
		};
/* End PBXResourcesBuildPhase section */

/* Begin PBXSourcesBuildPhase section */
		FE986DFA2A1261C1002ADF64 /* Sources */ = {
			isa = PBXSourcesBuildPhase;
			buildActionMask = 2147483647;
			files = (
				FE986E042A1261C1002ADF64 /* ContentView.swift in Sources */,
				FE986E022A1261C1002ADF64 /* MyTextClassifierApp.swift in Sources */,
				FE986E372A14F0A6002ADF64 /* JsonController.swift in Sources */,
				FE986E222A126341002ADF64 /* IndicatorsView.swift in Sources */,
				FE986E1C2A1262D3002ADF64 /* ClassifierModel.swift in Sources */,
				FE4EEF012A1649E60096CBF5 /* Button+.swift in Sources */,
				FE986E272A126B33002ADF64 /* SaveMLModelPopover.swift in Sources */,
				FE986E2B2A127312002ADF64 /* LogModel.swift in Sources */,
				FE986E3F2A1508CA002ADF64 /* SaveMLModelPopoverModel.swift in Sources */,
				FE986E2D2A13BAF4002ADF64 /* ContentModel.swift in Sources */,
				FE986E432A15093E002ADF64 /* SaveMLModelPopoverController.swift in Sources */,
				FE986E1A2A1262AF002ADF64 /* SizeModel.swift in Sources */,
				FE986E182A126284002ADF64 /* TextClassifier.swift in Sources */,
				FE986E352A14F01F002ADF64 /* JsonModel.swift in Sources */,
				FE986E292A1272D6002ADF64 /* CreateJsonView.swift in Sources */,
				FE986E392A14FE54002ADF64 /* ContentController.swift in Sources */,
			);
			runOnlyForDeploymentPostprocessing = 0;
		};
/* End PBXSourcesBuildPhase section */

/* Begin XCBuildConfiguration section */
		FE986E0B2A1261C2002ADF64 /* Debug */ = {
			isa = XCBuildConfiguration;
			buildSettings = {
				ALWAYS_SEARCH_USER_PATHS = NO;
				CLANG_ANALYZER_NONNULL = YES;
				CLANG_ANALYZER_NUMBER_OBJECT_CONVERSION = YES_AGGRESSIVE;
				CLANG_CXX_LANGUAGE_STANDARD = "gnu++20";
				CLANG_ENABLE_MODULES = YES;
				CLANG_ENABLE_OBJC_ARC = YES;
				CLANG_ENABLE_OBJC_WEAK = YES;
				CLANG_WARN_BLOCK_CAPTURE_AUTORELEASING = YES;
				CLANG_WARN_BOOL_CONVERSION = YES;
				CLANG_WARN_COMMA = YES;
				CLANG_WARN_CONSTANT_CONVERSION = YES;
				CLANG_WARN_DEPRECATED_OBJC_IMPLEMENTATIONS = YES;
				CLANG_WARN_DIRECT_OBJC_ISA_USAGE = YES_ERROR;
				CLANG_WARN_DOCUMENTATION_COMMENTS = YES;
				CLANG_WARN_EMPTY_BODY = YES;
				CLANG_WARN_ENUM_CONVERSION = YES;
				CLANG_WARN_INFINITE_RECURSION = YES;
				CLANG_WARN_INT_CONVERSION = YES;
				CLANG_WARN_NON_LITERAL_NULL_CONVERSION = YES;
				CLANG_WARN_OBJC_IMPLICIT_RETAIN_SELF = YES;
				CLANG_WARN_OBJC_LITERAL_CONVERSION = YES;
				CLANG_WARN_OBJC_ROOT_CLASS = YES_ERROR;
				CLANG_WARN_QUOTED_INCLUDE_IN_FRAMEWORK_HEADER = YES;
				CLANG_WARN_RANGE_LOOP_ANALYSIS = YES;
				CLANG_WARN_STRICT_PROTOTYPES = YES;
				CLANG_WARN_SUSPICIOUS_MOVE = YES;
				CLANG_WARN_UNGUARDED_AVAILABILITY = YES_AGGRESSIVE;
				CLANG_WARN_UNREACHABLE_CODE = YES;
				CLANG_WARN__DUPLICATE_METHOD_MATCH = YES;
				COPY_PHASE_STRIP = NO;
				DEBUG_INFORMATION_FORMAT = dwarf;
				ENABLE_STRICT_OBJC_MSGSEND = YES;
				ENABLE_TESTABILITY = YES;
				GCC_C_LANGUAGE_STANDARD = gnu11;
				GCC_DYNAMIC_NO_PIC = NO;
				GCC_NO_COMMON_BLOCKS = YES;
				GCC_OPTIMIZATION_LEVEL = 0;
				GCC_PREPROCESSOR_DEFINITIONS = (
					"DEBUG=1",
					"$(inherited)",
				);
				GCC_WARN_64_TO_32_BIT_CONVERSION = YES;
				GCC_WARN_ABOUT_RETURN_TYPE = YES_ERROR;
				GCC_WARN_UNDECLARED_SELECTOR = YES;
				GCC_WARN_UNINITIALIZED_AUTOS = YES_AGGRESSIVE;
				GCC_WARN_UNUSED_FUNCTION = YES;
				GCC_WARN_UNUSED_VARIABLE = YES;
				MACOSX_DEPLOYMENT_TARGET = 13.3;
				MTL_ENABLE_DEBUG_INFO = INCLUDE_SOURCE;
				MTL_FAST_MATH = YES;
				ONLY_ACTIVE_ARCH = YES;
				SDKROOT = macosx;
				SWIFT_ACTIVE_COMPILATION_CONDITIONS = DEBUG;
				SWIFT_OPTIMIZATION_LEVEL = "-Onone";
			};
			name = Debug;
		};
		FE986E0C2A1261C2002ADF64 /* Release */ = {
			isa = XCBuildConfiguration;
			buildSettings = {
				ALWAYS_SEARCH_USER_PATHS = NO;
				CLANG_ANALYZER_NONNULL = YES;
				CLANG_ANALYZER_NUMBER_OBJECT_CONVERSION = YES_AGGRESSIVE;
				CLANG_CXX_LANGUAGE_STANDARD = "gnu++20";
				CLANG_ENABLE_MODULES = YES;
				CLANG_ENABLE_OBJC_ARC = YES;
				CLANG_ENABLE_OBJC_WEAK = YES;
				CLANG_WARN_BLOCK_CAPTURE_AUTORELEASING = YES;
				CLANG_WARN_BOOL_CONVERSION = YES;
				CLANG_WARN_COMMA = YES;
				CLANG_WARN_CONSTANT_CONVERSION = YES;
				CLANG_WARN_DEPRECATED_OBJC_IMPLEMENTATIONS = YES;
				CLANG_WARN_DIRECT_OBJC_ISA_USAGE = YES_ERROR;
				CLANG_WARN_DOCUMENTATION_COMMENTS = YES;
				CLANG_WARN_EMPTY_BODY = YES;
				CLANG_WARN_ENUM_CONVERSION = YES;
				CLANG_WARN_INFINITE_RECURSION = YES;
				CLANG_WARN_INT_CONVERSION = YES;
				CLANG_WARN_NON_LITERAL_NULL_CONVERSION = YES;
				CLANG_WARN_OBJC_IMPLICIT_RETAIN_SELF = YES;
				CLANG_WARN_OBJC_LITERAL_CONVERSION = YES;
				CLANG_WARN_OBJC_ROOT_CLASS = YES_ERROR;
				CLANG_WARN_QUOTED_INCLUDE_IN_FRAMEWORK_HEADER = YES;
				CLANG_WARN_RANGE_LOOP_ANALYSIS = YES;
				CLANG_WARN_STRICT_PROTOTYPES = YES;
				CLANG_WARN_SUSPICIOUS_MOVE = YES;
				CLANG_WARN_UNGUARDED_AVAILABILITY = YES_AGGRESSIVE;
				CLANG_WARN_UNREACHABLE_CODE = YES;
				CLANG_WARN__DUPLICATE_METHOD_MATCH = YES;
				COPY_PHASE_STRIP = NO;
				DEBUG_INFORMATION_FORMAT = "dwarf-with-dsym";
				ENABLE_NS_ASSERTIONS = NO;
				ENABLE_STRICT_OBJC_MSGSEND = YES;
				GCC_C_LANGUAGE_STANDARD = gnu11;
				GCC_NO_COMMON_BLOCKS = YES;
				GCC_WARN_64_TO_32_BIT_CONVERSION = YES;
				GCC_WARN_ABOUT_RETURN_TYPE = YES_ERROR;
				GCC_WARN_UNDECLARED_SELECTOR = YES;
				GCC_WARN_UNINITIALIZED_AUTOS = YES_AGGRESSIVE;
				GCC_WARN_UNUSED_FUNCTION = YES;
				GCC_WARN_UNUSED_VARIABLE = YES;
				MACOSX_DEPLOYMENT_TARGET = 13.3;
				MTL_ENABLE_DEBUG_INFO = NO;
				MTL_FAST_MATH = YES;
				SDKROOT = macosx;
				SWIFT_COMPILATION_MODE = wholemodule;
				SWIFT_OPTIMIZATION_LEVEL = "-O";
			};
			name = Release;
		};
		FE986E0E2A1261C2002ADF64 /* Debug */ = {
			isa = XCBuildConfiguration;
			buildSettings = {
				ASSETCATALOG_COMPILER_APPICON_NAME = AppIcon;
				ASSETCATALOG_COMPILER_GLOBAL_ACCENT_COLOR_NAME = AccentColor;
				CODE_SIGN_ENTITLEMENTS = MyTextClassifier/MyTextClassifier.entitlements;
				CODE_SIGN_STYLE = Automatic;
				COMBINE_HIDPI_IMAGES = YES;
				CURRENT_PROJECT_VERSION = 1;
				DEVELOPMENT_ASSET_PATHS = "\"MyTextClassifier/Preview Content\"";
				DEVELOPMENT_TEAM = DVX5N2U74F;
				ENABLE_HARDENED_RUNTIME = YES;
				ENABLE_PREVIEWS = YES;
				GENERATE_INFOPLIST_FILE = YES;
				INFOPLIST_KEY_NSHumanReadableCopyright = "";
				LD_RUNPATH_SEARCH_PATHS = (
					"$(inherited)",
					"@executable_path/../Frameworks",
				);
				MARKETING_VERSION = 1.0;
				PRODUCT_BUNDLE_IDENTIFIER = robson.MyTextClassifier;
				PRODUCT_NAME = "$(TARGET_NAME)";
				SWIFT_EMIT_LOC_STRINGS = YES;
				SWIFT_VERSION = 5.0;
			};
			name = Debug;
		};
		FE986E0F2A1261C2002ADF64 /* Release */ = {
			isa = XCBuildConfiguration;
			buildSettings = {
				ASSETCATALOG_COMPILER_APPICON_NAME = AppIcon;
				ASSETCATALOG_COMPILER_GLOBAL_ACCENT_COLOR_NAME = AccentColor;
				CODE_SIGN_ENTITLEMENTS = MyTextClassifier/MyTextClassifier.entitlements;
				CODE_SIGN_STYLE = Automatic;
				COMBINE_HIDPI_IMAGES = YES;
				CURRENT_PROJECT_VERSION = 1;
				DEVELOPMENT_ASSET_PATHS = "\"MyTextClassifier/Preview Content\"";
				DEVELOPMENT_TEAM = DVX5N2U74F;
				ENABLE_HARDENED_RUNTIME = YES;
				ENABLE_PREVIEWS = YES;
				GENERATE_INFOPLIST_FILE = YES;
				INFOPLIST_KEY_NSHumanReadableCopyright = "";
				LD_RUNPATH_SEARCH_PATHS = (
					"$(inherited)",
					"@executable_path/../Frameworks",
				);
				MARKETING_VERSION = 1.0;
				PRODUCT_BUNDLE_IDENTIFIER = robson.MyTextClassifier;
				PRODUCT_NAME = "$(TARGET_NAME)";
				SWIFT_EMIT_LOC_STRINGS = YES;
				SWIFT_VERSION = 5.0;
			};
			name = Release;
		};
/* End XCBuildConfiguration section */

/* Begin XCConfigurationList section */
		FE986DF92A1261C1002ADF64 /* Build configuration list for PBXProject "MyTextClassifier" */ = {
			isa = XCConfigurationList;
			buildConfigurations = (
				FE986E0B2A1261C2002ADF64 /* Debug */,
				FE986E0C2A1261C2002ADF64 /* Release */,
			);
			defaultConfigurationIsVisible = 0;
			defaultConfigurationName = Release;
		};
		FE986E0D2A1261C2002ADF64 /* Build configuration list for PBXNativeTarget "MyTextClassifier" */ = {
			isa = XCConfigurationList;
			buildConfigurations = (
				FE986E0E2A1261C2002ADF64 /* Debug */,
				FE986E0F2A1261C2002ADF64 /* Release */,
			);
			defaultConfigurationIsVisible = 0;
			defaultConfigurationName = Release;
		};
/* End XCConfigurationList section */

/* Begin XCRemoteSwiftPackageReference section */
		FE986E232A1263F2002ADF64 /* XCRemoteSwiftPackageReference "SwiftyJSON" */ = {
			isa = XCRemoteSwiftPackageReference;
			repositoryURL = "https://github.com/SwiftyJSON/SwiftyJSON";
			requirement = {
				kind = upToNextMajorVersion;
				minimumVersion = 5.0.0;
			};
		};
/* End XCRemoteSwiftPackageReference section */

/* Begin XCSwiftPackageProductDependency section */
		FE986E242A1263F2002ADF64 /* SwiftyJSON */ = {
			isa = XCSwiftPackageProductDependency;
			package = FE986E232A1263F2002ADF64 /* XCRemoteSwiftPackageReference "SwiftyJSON" */;
			productName = SwiftyJSON;
		};
/* End XCSwiftPackageProductDependency section */
	};
	rootObject = FE986DF62A1261C1002ADF64 /* Project object */;
}
